// !$*UTF8*$!
{
	archiveVersion = 1;
	classes = {
	};
	objectVersion = 77;
	objects = {

/* Begin PBXContainerItemProxy section */
		FBE111EB2D2D6F0A00623619 /* PBXContainerItemProxy */ = {
			isa = PBXContainerItemProxy;
			containerPortal = FBE111D22D2D6F0900623619 /* Project object */;
			proxyType = 1;
			remoteGlobalIDString = FBE111D92D2D6F0900623619;
			remoteInfo = com.VDR;
		};
		FBE111F52D2D6F0A00623619 /* PBXContainerItemProxy */ = {
			isa = PBXContainerItemProxy;
			containerPortal = FBE111D22D2D6F0900623619 /* Project object */;
			proxyType = 1;
			remoteGlobalIDString = FBE111D92D2D6F0900623619;
			remoteInfo = com.VDR;
		};
/* End PBXContainerItemProxy section */

/* Begin PBXFileReference section */
		FBE111DA2D2D6F0900623619 /* com.VDR.app */ = {isa = PBXFileReference; explicitFileType = wrapper.application; includeInIndex = 0; path = com.VDR.app; sourceTree = BUILT_PRODUCTS_DIR; };
		FBE111EA2D2D6F0A00623619 /* com.VDRTests.xctest */ = {isa = PBXFileReference; explicitFileType = wrapper.cfbundle; includeInIndex = 0; path = com.VDRTests.xctest; sourceTree = BUILT_PRODUCTS_DIR; };
		FBE111F42D2D6F0A00623619 /* com.VDRUITests.xctest */ = {isa = PBXFileReference; explicitFileType = wrapper.cfbundle; includeInIndex = 0; path = com.VDRUITests.xctest; sourceTree = BUILT_PRODUCTS_DIR; };
/* End PBXFileReference section */

/* Begin PBXFileSystemSynchronizedRootGroup section */
		FBE111DC2D2D6F0900623619 /* com.VDR */ = {
			isa = PBXFileSystemSynchronizedRootGroup;
			path = com.VDR;
			sourceTree = "<group>";
		};
		FBE111ED2D2D6F0A00623619 /* com.VDRTests */ = {
			isa = PBXFileSystemSynchronizedRootGroup;
			path = com.VDRTests;
			sourceTree = "<group>";
		};
		FBE111F72D2D6F0A00623619 /* com.VDRUITests */ = {
			isa = PBXFileSystemSynchronizedRootGroup;
			path = com.VDRUITests;
			sourceTree = "<group>";
		};
/* End PBXFileSystemSynchronizedRootGroup section */

/* Begin PBXFrameworksBuildPhase section */
		FBE111D72D2D6F0900623619 /* Frameworks */ = {
			isa = PBXFrameworksBuildPhase;
			buildActionMask = 2147483647;
			files = (
			);
			runOnlyForDeploymentPostprocessing = 0;
		};
		FBE111E72D2D6F0A00623619 /* Frameworks */ = {
			isa = PBXFrameworksBuildPhase;
			buildActionMask = 2147483647;
			files = (
			);
			runOnlyForDeploymentPostprocessing = 0;
		};
		FBE111F12D2D6F0A00623619 /* Frameworks */ = {
			isa = PBXFrameworksBuildPhase;
			buildActionMask = 2147483647;
			files = (
			);
			runOnlyForDeploymentPostprocessing = 0;
		};
/* End PBXFrameworksBuildPhase section */

/* Begin PBXGroup section */
		FBE111D12D2D6F0900623619 = {
			isa = PBXGroup;
			children = (
				FBE111DC2D2D6F0900623619 /* com.VDR */,
				FBE111ED2D2D6F0A00623619 /* com.VDRTests */,
				FBE111F72D2D6F0A00623619 /* com.VDRUITests */,
				FBE111DB2D2D6F0900623619 /* Products */,
			);
			sourceTree = "<group>";
		};
		FBE111DB2D2D6F0900623619 /* Products */ = {
			isa = PBXGroup;
			children = (
				FBE111DA2D2D6F0900623619 /* com.VDR.app */,
				FBE111EA2D2D6F0A00623619 /* com.VDRTests.xctest */,
				FBE111F42D2D6F0A00623619 /* com.VDRUITests.xctest */,
			);
			name = Products;
			sourceTree = "<group>";
		};
/* End PBXGroup section */

/* Begin PBXNativeTarget section */
		FBE111D92D2D6F0900623619 /* com.VDR */ = {
			isa = PBXNativeTarget;
			buildConfigurationList = FBE111FE2D2D6F0A00623619 /* Build configuration list for PBXNativeTarget "com.VDR" */;
			buildPhases = (
				FBE111D62D2D6F0900623619 /* Sources */,
				FBE111D72D2D6F0900623619 /* Frameworks */,
				FBE111D82D2D6F0900623619 /* Resources */,
			);
			buildRules = (
			);
			dependencies = (
			);
			fileSystemSynchronizedGroups = (
				FBE111DC2D2D6F0900623619 /* com.VDR */,
			);
			name = com.VDR;
			packageProductDependencies = (
			);
			productName = com.VDR;
			productReference = FBE111DA2D2D6F0900623619 /* com.VDR.app */;
			productType = "com.apple.product-type.application";
		};
		FBE111E92D2D6F0A00623619 /* com.VDRTests */ = {
			isa = PBXNativeTarget;
			buildConfigurationList = FBE112012D2D6F0A00623619 /* Build configuration list for PBXNativeTarget "com.VDRTests" */;
			buildPhases = (
				FBE111E62D2D6F0A00623619 /* Sources */,
				FBE111E72D2D6F0A00623619 /* Frameworks */,
				FBE111E82D2D6F0A00623619 /* Resources */,
			);
			buildRules = (
			);
			dependencies = (
				FBE111EC2D2D6F0A00623619 /* PBXTargetDependency */,
			);
			fileSystemSynchronizedGroups = (
				FBE111ED2D2D6F0A00623619 /* com.VDRTests */,
			);
			name = com.VDRTests;
			packageProductDependencies = (
			);
			productName = com.VDRTests;
			productReference = FBE111EA2D2D6F0A00623619 /* com.VDRTests.xctest */;
			productType = "com.apple.product-type.bundle.unit-test";
		};
		FBE111F32D2D6F0A00623619 /* com.VDRUITests */ = {
			isa = PBXNativeTarget;
			buildConfigurationList = FBE112042D2D6F0A00623619 /* Build configuration list for PBXNativeTarget "com.VDRUITests" */;
			buildPhases = (
				FBE111F02D2D6F0A00623619 /* Sources */,
				FBE111F12D2D6F0A00623619 /* Frameworks */,
				FBE111F22D2D6F0A00623619 /* Resources */,
			);
			buildRules = (
			);
			dependencies = (
				FBE111F62D2D6F0A00623619 /* PBXTargetDependency */,
			);
			fileSystemSynchronizedGroups = (
				FBE111F72D2D6F0A00623619 /* com.VDRUITests */,
			);
			name = com.VDRUITests;
			packageProductDependencies = (
			);
			productName = com.VDRUITests;
			productReference = FBE111F42D2D6F0A00623619 /* com.VDRUITests.xctest */;
			productType = "com.apple.product-type.bundle.ui-testing";
		};
/* End PBXNativeTarget section */

/* Begin PBXProject section */
		FBE111D22D2D6F0900623619 /* Project object */ = {
			isa = PBXProject;
			attributes = {
				BuildIndependentTargetsInParallel = 1;
				LastSwiftUpdateCheck = 1620;
				LastUpgradeCheck = 1620;
				TargetAttributes = {
					FBE111D92D2D6F0900623619 = {
						CreatedOnToolsVersion = 16.2;
					};
					FBE111E92D2D6F0A00623619 = {
						CreatedOnToolsVersion = 16.2;
						TestTargetID = FBE111D92D2D6F0900623619;
					};
					FBE111F32D2D6F0A00623619 = {
						CreatedOnToolsVersion = 16.2;
						TestTargetID = FBE111D92D2D6F0900623619;
					};
				};
			};
			buildConfigurationList = FBE111D52D2D6F0900623619 /* Build configuration list for PBXProject "com.VDR" */;
			developmentRegion = en;
			hasScannedForEncodings = 0;
			knownRegions = (
				en,
				Base,
			);
			mainGroup = FBE111D12D2D6F0900623619;
			minimizedProjectReferenceProxies = 1;
			preferredProjectObjectVersion = 77;
			productRefGroup = FBE111DB2D2D6F0900623619 /* Products */;
			projectDirPath = "";
			projectRoot = "";
			targets = (
				FBE111D92D2D6F0900623619 /* com.VDR */,
				FBE111E92D2D6F0A00623619 /* com.VDRTests */,
				FBE111F32D2D6F0A00623619 /* com.VDRUITests */,
			);
		};
/* End PBXProject section */

/* Begin PBXResourcesBuildPhase section */
		FBE111D82D2D6F0900623619 /* Resources */ = {
			isa = PBXResourcesBuildPhase;
			buildActionMask = 2147483647;
			files = (
			);
			runOnlyForDeploymentPostprocessing = 0;
		};
		FBE111E82D2D6F0A00623619 /* Resources */ = {
			isa = PBXResourcesBuildPhase;
			buildActionMask = 2147483647;
			files = (
			);
			runOnlyForDeploymentPostprocessing = 0;
		};
		FBE111F22D2D6F0A00623619 /* Resources */ = {
			isa = PBXResourcesBuildPhase;
			buildActionMask = 2147483647;
			files = (
			);
			runOnlyForDeploymentPostprocessing = 0;
		};
/* End PBXResourcesBuildPhase section */

/* Begin PBXSourcesBuildPhase section */
		FBE111D62D2D6F0900623619 /* Sources */ = {
			isa = PBXSourcesBuildPhase;
			buildActionMask = 2147483647;
			files = (
			);
			runOnlyForDeploymentPostprocessing = 0;
		};
		FBE111E62D2D6F0A00623619 /* Sources */ = {
			isa = PBXSourcesBuildPhase;
			buildActionMask = 2147483647;
			files = (
			);
			runOnlyForDeploymentPostprocessing = 0;
		};
		FBE111F02D2D6F0A00623619 /* Sources */ = {
			isa = PBXSourcesBuildPhase;
			buildActionMask = 2147483647;
			files = (
			);
			runOnlyForDeploymentPostprocessing = 0;
		};
/* End PBXSourcesBuildPhase section */

/* Begin PBXTargetDependency section */
		FBE111EC2D2D6F0A00623619 /* PBXTargetDependency */ = {
			isa = PBXTargetDependency;
			target = FBE111D92D2D6F0900623619 /* com.VDR */;
			targetProxy = FBE111EB2D2D6F0A00623619 /* PBXContainerItemProxy */;
		};
		FBE111F62D2D6F0A00623619 /* PBXTargetDependency */ = {
			isa = PBXTargetDependency;
			target = FBE111D92D2D6F0900623619 /* com.VDR */;
			targetProxy = FBE111F52D2D6F0A00623619 /* PBXContainerItemProxy */;
		};
/* End PBXTargetDependency section */

/* Begin XCBuildConfiguration section */
		FBE111FC2D2D6F0A00623619 /* Debug */ = {
			isa = XCBuildConfiguration;
			buildSettings = {
				ALWAYS_SEARCH_USER_PATHS = NO;
				ASSETCATALOG_COMPILER_GENERATE_SWIFT_ASSET_SYMBOL_EXTENSIONS = YES;
				CLANG_ANALYZER_NONNULL = YES;
				CLANG_ANALYZER_NUMBER_OBJECT_CONVERSION = YES_AGGRESSIVE;
				CLANG_CXX_LANGUAGE_STANDARD = "gnu++20";
				CLANG_ENABLE_MODULES = YES;
				CLANG_ENABLE_OBJC_ARC = YES;
				CLANG_ENABLE_OBJC_WEAK = YES;
				CLANG_WARN_BLOCK_CAPTURE_AUTORELEASING = YES;
				CLANG_WARN_BOOL_CONVERSION = YES;
				CLANG_WARN_COMMA = YES;
				CLANG_WARN_CONSTANT_CONVERSION = YES;
				CLANG_WARN_DEPRECATED_OBJC_IMPLEMENTATIONS = YES;
				CLANG_WARN_DIRECT_OBJC_ISA_USAGE = YES_ERROR;
				CLANG_WARN_DOCUMENTATION_COMMENTS = YES;
				CLANG_WARN_EMPTY_BODY = YES;
				CLANG_WARN_ENUM_CONVERSION = YES;
				CLANG_WARN_INFINITE_RECURSION = YES;
				CLANG_WARN_INT_CONVERSION = YES;
				CLANG_WARN_NON_LITERAL_NULL_CONVERSION = YES;
				CLANG_WARN_OBJC_IMPLICIT_RETAIN_SELF = YES;
				CLANG_WARN_OBJC_LITERAL_CONVERSION = YES;
				CLANG_WARN_OBJC_ROOT_CLASS = YES_ERROR;
				CLANG_WARN_QUOTED_INCLUDE_IN_FRAMEWORK_HEADER = YES;
				CLANG_WARN_RANGE_LOOP_ANALYSIS = YES;
				CLANG_WARN_STRICT_PROTOTYPES = YES;
				CLANG_WARN_SUSPICIOUS_MOVE = YES;
				CLANG_WARN_UNGUARDED_AVAILABILITY = YES_AGGRESSIVE;
				CLANG_WARN_UNREACHABLE_CODE = YES;
				CLANG_WARN__DUPLICATE_METHOD_MATCH = YES;
				COPY_PHASE_STRIP = NO;
				DEBUG_INFORMATION_FORMAT = dwarf;
				ENABLE_STRICT_OBJC_MSGSEND = YES;
				ENABLE_TESTABILITY = YES;
				ENABLE_USER_SCRIPT_SANDBOXING = YES;
				GCC_C_LANGUAGE_STANDARD = gnu17;
				GCC_DYNAMIC_NO_PIC = NO;
				GCC_NO_COMMON_BLOCKS = YES;
				GCC_OPTIMIZATION_LEVEL = 0;
				GCC_PREPROCESSOR_DEFINITIONS = (
					"DEBUG=1",
					"$(inherited)",
				);
				GCC_WARN_64_TO_32_BIT_CONVERSION = YES;
				GCC_WARN_ABOUT_RETURN_TYPE = YES_ERROR;
				GCC_WARN_UNDECLARED_SELECTOR = YES;
				GCC_WARN_UNINITIALIZED_AUTOS = YES_AGGRESSIVE;
				GCC_WARN_UNUSED_FUNCTION = YES;
				GCC_WARN_UNUSED_VARIABLE = YES;
				IPHONEOS_DEPLOYMENT_TARGET = 18.2;
				LOCALIZATION_PREFERS_STRING_CATALOGS = YES;
				MTL_ENABLE_DEBUG_INFO = INCLUDE_SOURCE;
				MTL_FAST_MATH = YES;
				ONLY_ACTIVE_ARCH = YES;
				SDKROOT = iphoneos;
				SWIFT_ACTIVE_COMPILATION_CONDITIONS = "DEBUG $(inherited)";
				SWIFT_OPTIMIZATION_LEVEL = "-Onone";
			};
			name = Debug;
		};
		FBE111FD2D2D6F0A00623619 /* Release */ = {
			isa = XCBuildConfiguration;
			buildSettings = {
				ALWAYS_SEARCH_USER_PATHS = NO;
				ASSETCATALOG_COMPILER_GENERATE_SWIFT_ASSET_SYMBOL_EXTENSIONS = YES;
				CLANG_ANALYZER_NONNULL = YES;
				CLANG_ANALYZER_NUMBER_OBJECT_CONVERSION = YES_AGGRESSIVE;
				CLANG_CXX_LANGUAGE_STANDARD = "gnu++20";
				CLANG_ENABLE_MODULES = YES;
				CLANG_ENABLE_OBJC_ARC = YES;
				CLANG_ENABLE_OBJC_WEAK = YES;
				CLANG_WARN_BLOCK_CAPTURE_AUTORELEASING = YES;
				CLANG_WARN_BOOL_CONVERSION = YES;
				CLANG_WARN_COMMA = YES;
				CLANG_WARN_CONSTANT_CONVERSION = YES;
				CLANG_WARN_DEPRECATED_OBJC_IMPLEMENTATIONS = YES;
				CLANG_WARN_DIRECT_OBJC_ISA_USAGE = YES_ERROR;
				CLANG_WARN_DOCUMENTATION_COMMENTS = YES;
				CLANG_WARN_EMPTY_BODY = YES;
				CLANG_WARN_ENUM_CONVERSION = YES;
				CLANG_WARN_INFINITE_RECURSION = YES;
				CLANG_WARN_INT_CONVERSION = YES;
				CLANG_WARN_NON_LITERAL_NULL_CONVERSION = YES;
				CLANG_WARN_OBJC_IMPLICIT_RETAIN_SELF = YES;
				CLANG_WARN_OBJC_LITERAL_CONVERSION = YES;
				CLANG_WARN_OBJC_ROOT_CLASS = YES_ERROR;
				CLANG_WARN_QUOTED_INCLUDE_IN_FRAMEWORK_HEADER = YES;
				CLANG_WARN_RANGE_LOOP_ANALYSIS = YES;
				CLANG_WARN_STRICT_PROTOTYPES = YES;
				CLANG_WARN_SUSPICIOUS_MOVE = YES;
				CLANG_WARN_UNGUARDED_AVAILABILITY = YES_AGGRESSIVE;
				CLANG_WARN_UNREACHABLE_CODE = YES;
				CLANG_WARN__DUPLICATE_METHOD_MATCH = YES;
				COPY_PHASE_STRIP = NO;
				DEBUG_INFORMATION_FORMAT = "dwarf-with-dsym";
				ENABLE_NS_ASSERTIONS = NO;
				ENABLE_STRICT_OBJC_MSGSEND = YES;
				ENABLE_USER_SCRIPT_SANDBOXING = YES;
				GCC_C_LANGUAGE_STANDARD = gnu17;
				GCC_NO_COMMON_BLOCKS = YES;
				GCC_WARN_64_TO_32_BIT_CONVERSION = YES;
				GCC_WARN_ABOUT_RETURN_TYPE = YES_ERROR;
				GCC_WARN_UNDECLARED_SELECTOR = YES;
				GCC_WARN_UNINITIALIZED_AUTOS = YES_AGGRESSIVE;
				GCC_WARN_UNUSED_FUNCTION = YES;
				GCC_WARN_UNUSED_VARIABLE = YES;
				IPHONEOS_DEPLOYMENT_TARGET = 18.2;
				LOCALIZATION_PREFERS_STRING_CATALOGS = YES;
				MTL_ENABLE_DEBUG_INFO = NO;
				MTL_FAST_MATH = YES;
				SDKROOT = iphoneos;
				SWIFT_COMPILATION_MODE = wholemodule;
				VALIDATE_PRODUCT = YES;
			};
			name = Release;
		};
		FBE111FF2D2D6F0A00623619 /* Debug */ = {
			isa = XCBuildConfiguration;
			buildSettings = {
				ASSETCATALOG_COMPILER_APPICON_NAME = AppIcon;
				ASSETCATALOG_COMPILER_GLOBAL_ACCENT_COLOR_NAME = AccentColor;
				CODE_SIGN_STYLE = Automatic;
				CURRENT_PROJECT_VERSION = 1;
				DEVELOPMENT_ASSET_PATHS = "\"com.VDR/Preview Content\"";
				ENABLE_PREVIEWS = YES;
				GENERATE_INFOPLIST_FILE = YES;
				INFOPLIST_KEY_CFBundleDisplayName = VDR;
				INFOPLIST_KEY_UIApplicationSceneManifest_Generation = YES;
				INFOPLIST_KEY_UIApplicationSupportsIndirectInputEvents = YES;
				INFOPLIST_KEY_UILaunchScreen_Generation = YES;
				INFOPLIST_KEY_UISupportedInterfaceOrientations_iPad = "UIInterfaceOrientationPortrait UIInterfaceOrientationPortraitUpsideDown UIInterfaceOrientationLandscapeLeft UIInterfaceOrientationLandscapeRight";
				INFOPLIST_KEY_UISupportedInterfaceOrientations_iPhone = "UIInterfaceOrientationPortrait UIInterfaceOrientationLandscapeLeft UIInterfaceOrientationLandscapeRight";
				LD_RUNPATH_SEARCH_PATHS = (
					"$(inherited)",
					"@executable_path/Frameworks",
				);
				MARKETING_VERSION = 1.0;
				PRODUCT_BUNDLE_IDENTIFIER = "GHI.com-VDR";
				PRODUCT_NAME = "$(TARGET_NAME)";
				SWIFT_EMIT_LOC_STRINGS = YES;
				SWIFT_VERSION = 5.0;
				TARGETED_DEVICE_FAMILY = "1,2";
			};
			name = Debug;
		};
		FBE112002D2D6F0A00623619 /* Release */ = {
			isa = XCBuildConfiguration;
			buildSettings = {
				ASSETCATALOG_COMPILER_APPICON_NAME = AppIcon;
				ASSETCATALOG_COMPILER_GLOBAL_ACCENT_COLOR_NAME = AccentColor;
				CODE_SIGN_STYLE = Automatic;
				CURRENT_PROJECT_VERSION = 1;
				DEVELOPMENT_ASSET_PATHS = "\"com.VDR/Preview Content\"";
				ENABLE_PREVIEWS = YES;
				GENERATE_INFOPLIST_FILE = YES;
				INFOPLIST_KEY_CFBundleDisplayName = VDR;
				INFOPLIST_KEY_UIApplicationSceneManifest_Generation = YES;
				INFOPLIST_KEY_UIApplicationSupportsIndirectInputEvents = YES;
				INFOPLIST_KEY_UILaunchScreen_Generation = YES;
				INFOPLIST_KEY_UISupportedInterfaceOrientations_iPad = "UIInterfaceOrientationPortrait UIInterfaceOrientationPortraitUpsideDown UIInterfaceOrientationLandscapeLeft UIInterfaceOrientationLandscapeRight";
				INFOPLIST_KEY_UISupportedInterfaceOrientations_iPhone = "UIInterfaceOrientationPortrait UIInterfaceOrientationLandscapeLeft UIInterfaceOrientationLandscapeRight";
				LD_RUNPATH_SEARCH_PATHS = (
					"$(inherited)",
					"@executable_path/Frameworks",
				);
				MARKETING_VERSION = 1.0;
				PRODUCT_BUNDLE_IDENTIFIER = "GHI.com-VDR";
				PRODUCT_NAME = "$(TARGET_NAME)";
				SWIFT_EMIT_LOC_STRINGS = YES;
				SWIFT_VERSION = 5.0;
				TARGETED_DEVICE_FAMILY = "1,2";
			};
			name = Release;
		};
		FBE112022D2D6F0A00623619 /* Debug */ = {
			isa = XCBuildConfiguration;
			buildSettings = {
				BUNDLE_LOADER = "$(TEST_HOST)";
				CODE_SIGN_STYLE = Automatic;
				CURRENT_PROJECT_VERSION = 1;
				GENERATE_INFOPLIST_FILE = YES;
				IPHONEOS_DEPLOYMENT_TARGET = 18.2;
				MARKETING_VERSION = 1.0;
				PRODUCT_BUNDLE_IDENTIFIER = "GHI.com-VDRTests";
				PRODUCT_NAME = "$(TARGET_NAME)";
				SWIFT_EMIT_LOC_STRINGS = NO;
				SWIFT_VERSION = 5.0;
				TARGETED_DEVICE_FAMILY = "1,2";
				TEST_HOST = "$(BUILT_PRODUCTS_DIR)/com.VDR.app/$(BUNDLE_EXECUTABLE_FOLDER_PATH)/com.VDR";
			};
			name = Debug;
		};
		FBE112032D2D6F0A00623619 /* Release */ = {
			isa = XCBuildConfiguration;
			buildSettings = {
				BUNDLE_LOADER = "$(TEST_HOST)";
				CODE_SIGN_STYLE = Automatic;
				CURRENT_PROJECT_VERSION = 1;
				GENERATE_INFOPLIST_FILE = YES;
				IPHONEOS_DEPLOYMENT_TARGET = 18.2;
				MARKETING_VERSION = 1.0;
				PRODUCT_BUNDLE_IDENTIFIER = "GHI.com-VDRTests";
				PRODUCT_NAME = "$(TARGET_NAME)";
				SWIFT_EMIT_LOC_STRINGS = NO;
				SWIFT_VERSION = 5.0;
				TARGETED_DEVICE_FAMILY = "1,2";
				TEST_HOST = "$(BUILT_PRODUCTS_DIR)/com.VDR.app/$(BUNDLE_EXECUTABLE_FOLDER_PATH)/com.VDR";
			};
			name = Release;
		};
		FBE112052D2D6F0A00623619 /* Debug */ = {
			isa = XCBuildConfiguration;
			buildSettings = {
				CODE_SIGN_STYLE = Automatic;
				CURRENT_PROJECT_VERSION = 1;
				GENERATE_INFOPLIST_FILE = YES;
				MARKETING_VERSION = 1.0;
				PRODUCT_BUNDLE_IDENTIFIER = "GHI.com-VDRUITests";
				PRODUCT_NAME = "$(TARGET_NAME)";
				SWIFT_EMIT_LOC_STRINGS = NO;
				SWIFT_VERSION = 5.0;
				TARGETED_DEVICE_FAMILY = "1,2";
				TEST_TARGET_NAME = com.VDR;
			};
			name = Debug;
		};
		FBE112062D2D6F0A00623619 /* Release */ = {
			isa = XCBuildConfiguration;
			buildSettings = {
				CODE_SIGN_STYLE = Automatic;
				CURRENT_PROJECT_VERSION = 1;
				GENERATE_INFOPLIST_FILE = YES;
				MARKETING_VERSION = 1.0;
				PRODUCT_BUNDLE_IDENTIFIER = "GHI.com-VDRUITests";
				PRODUCT_NAME = "$(TARGET_NAME)";
				SWIFT_EMIT_LOC_STRINGS = NO;
				SWIFT_VERSION = 5.0;
				TARGETED_DEVICE_FAMILY = "1,2";
				TEST_TARGET_NAME = com.VDR;
			};
			name = Release;
		};
/* End XCBuildConfiguration section */

/* Begin XCConfigurationList section */
		FBE111D52D2D6F0900623619 /* Build configuration list for PBXProject "com.VDR" */ = {
			isa = XCConfigurationList;
			buildConfigurations = (
				FBE111FC2D2D6F0A00623619 /* Debug */,
				FBE111FD2D2D6F0A00623619 /* Release */,
			);
			defaultConfigurationIsVisible = 0;
			defaultConfigurationName = Release;
		};
		FBE111FE2D2D6F0A00623619 /* Build configuration list for PBXNativeTarget "com.VDR" */ = {
			isa = XCConfigurationList;
			buildConfigurations = (
				FBE111FF2D2D6F0A00623619 /* Debug */,
				FBE112002D2D6F0A00623619 /* Release */,
			);
			defaultConfigurationIsVisible = 0;
			defaultConfigurationName = Release;
		};
		FBE112012D2D6F0A00623619 /* Build configuration list for PBXNativeTarget "com.VDRTests" */ = {
			isa = XCConfigurationList;
			buildConfigurations = (
				FBE112022D2D6F0A00623619 /* Debug */,
				FBE112032D2D6F0A00623619 /* Release */,
			);
			defaultConfigurationIsVisible = 0;
			defaultConfigurationName = Release;
		};
		FBE112042D2D6F0A00623619 /* Build configuration list for PBXNativeTarget "com.VDRUITests" */ = {
			isa = XCConfigurationList;
			buildConfigurations = (
				FBE112052D2D6F0A00623619 /* Debug */,
				FBE112062D2D6F0A00623619 /* Release */,
			);
			defaultConfigurationIsVisible = 0;
			defaultConfigurationName = Release;
		};
/* End XCConfigurationList section */
	};
	rootObject = FBE111D22D2D6F0900623619 /* Project object */;
}
