// !$*UTF8*$!
{
	archiveVersion = 1;
	classes = {
	};
	objectVersion = 77;
	objects = {

/* Begin PBXContainerItemProxy section */
		FBF9CA432D1AD49900B1489D /* PBXContainerItemProxy */ = {
			isa = PBXContainerItemProxy;
			containerPortal = FBF9CA2A2D1AD49800B1489D /* Project object */;
			proxyType = 1;
			remoteGlobalIDString = FBF9CA312D1AD49800B1489D;
			remoteInfo = BookingApp;
		};
		FBF9CA4D2D1AD49900B1489D /* PBXContainerItemProxy */ = {
			isa = PBXContainerItemProxy;
			containerPortal = FBF9CA2A2D1AD49800B1489D /* Project object */;
			proxyType = 1;
			remoteGlobalIDString = FBF9CA312D1AD49800B1489D;
			remoteInfo = BookingApp;
		};
/* End PBXContainerItemProxy section */

/* Begin PBXFileReference section */
		FBF9CA322D1AD49800B1489D /* BookingApp.app */ = {isa = PBXFileReference; explicitFileType = wrapper.application; includeInIndex = 0; path = BookingApp.app; sourceTree = BUILT_PRODUCTS_DIR; };
		FBF9CA422D1AD49900B1489D /* BookingAppTests.xctest */ = {isa = PBXFileReference; explicitFileType = wrapper.cfbundle; includeInIndex = 0; path = BookingAppTests.xctest; sourceTree = BUILT_PRODUCTS_DIR; };
		FBF9CA4C2D1AD49900B1489D /* BookingAppUITests.xctest */ = {isa = PBXFileReference; explicitFileType = wrapper.cfbundle; includeInIndex = 0; path = BookingAppUITests.xctest; sourceTree = BUILT_PRODUCTS_DIR; };
/* End PBXFileReference section */

/* Begin PBXFileSystemSynchronizedRootGroup section */
		FBF9CA342D1AD49800B1489D /* BookingApp */ = {
			isa = PBXFileSystemSynchronizedRootGroup;
			path = BookingApp;
			sourceTree = "<group>";
		};
		FBF9CA452D1AD49900B1489D /* BookingAppTests */ = {
			isa = PBXFileSystemSynchronizedRootGroup;
			path = BookingAppTests;
			sourceTree = "<group>";
		};
		FBF9CA4F2D1AD49900B1489D /* BookingAppUITests */ = {
			isa = PBXFileSystemSynchronizedRootGroup;
			path = BookingAppUITests;
			sourceTree = "<group>";
		};
/* End PBXFileSystemSynchronizedRootGroup section */

/* Begin PBXFrameworksBuildPhase section */
		FBF9CA2F2D1AD49800B1489D /* Frameworks */ = {
			isa = PBXFrameworksBuildPhase;
			buildActionMask = 2147483647;
			files = (
			);
			runOnlyForDeploymentPostprocessing = 0;
		};
		FBF9CA3F2D1AD49900B1489D /* Frameworks */ = {
			isa = PBXFrameworksBuildPhase;
			buildActionMask = 2147483647;
			files = (
			);
			runOnlyForDeploymentPostprocessing = 0;
		};
		FBF9CA492D1AD49900B1489D /* Frameworks */ = {
			isa = PBXFrameworksBuildPhase;
			buildActionMask = 2147483647;
			files = (
			);
			runOnlyForDeploymentPostprocessing = 0;
		};
/* End PBXFrameworksBuildPhase section */

/* Begin PBXGroup section */
		FBF9CA292D1AD49800B1489D = {
			isa = PBXGroup;
			children = (
				FBF9CA342D1AD49800B1489D /* BookingApp */,
				FBF9CA452D1AD49900B1489D /* BookingAppTests */,
				FBF9CA4F2D1AD49900B1489D /* BookingAppUITests */,
				FBF9CA332D1AD49800B1489D /* Products */,
			);
			sourceTree = "<group>";
		};
		FBF9CA332D1AD49800B1489D /* Products */ = {
			isa = PBXGroup;
			children = (
				FBF9CA322D1AD49800B1489D /* BookingApp.app */,
				FBF9CA422D1AD49900B1489D /* BookingAppTests.xctest */,
				FBF9CA4C2D1AD49900B1489D /* BookingAppUITests.xctest */,
			);
			name = Products;
			sourceTree = "<group>";
		};
/* End PBXGroup section */

/* Begin PBXNativeTarget section */
		FBF9CA312D1AD49800B1489D /* BookingApp */ = {
			isa = PBXNativeTarget;
			buildConfigurationList = FBF9CA562D1AD49900B1489D /* Build configuration list for PBXNativeTarget "BookingApp" */;
			buildPhases = (
				FBF9CA2E2D1AD49800B1489D /* Sources */,
				FBF9CA2F2D1AD49800B1489D /* Frameworks */,
				FBF9CA302D1AD49800B1489D /* Resources */,
			);
			buildRules = (
			);
			dependencies = (
			);
			fileSystemSynchronizedGroups = (
				FBF9CA342D1AD49800B1489D /* BookingApp */,
			);
			name = BookingApp;
			packageProductDependencies = (
			);
			productName = BookingApp;
			productReference = FBF9CA322D1AD49800B1489D /* BookingApp.app */;
			productType = "com.apple.product-type.application";
		};
		FBF9CA412D1AD49900B1489D /* BookingAppTests */ = {
			isa = PBXNativeTarget;
			buildConfigurationList = FBF9CA592D1AD49900B1489D /* Build configuration list for PBXNativeTarget "BookingAppTests" */;
			buildPhases = (
				FBF9CA3E2D1AD49900B1489D /* Sources */,
				FBF9CA3F2D1AD49900B1489D /* Frameworks */,
				FBF9CA402D1AD49900B1489D /* Resources */,
			);
			buildRules = (
			);
			dependencies = (
				FBF9CA442D1AD49900B1489D /* PBXTargetDependency */,
			);
			fileSystemSynchronizedGroups = (
				FBF9CA452D1AD49900B1489D /* BookingAppTests */,
			);
			name = BookingAppTests;
			packageProductDependencies = (
			);
			productName = BookingAppTests;
			productReference = FBF9CA422D1AD49900B1489D /* BookingAppTests.xctest */;
			productType = "com.apple.product-type.bundle.unit-test";
		};
		FBF9CA4B2D1AD49900B1489D /* BookingAppUITests */ = {
			isa = PBXNativeTarget;
			buildConfigurationList = FBF9CA5C2D1AD49900B1489D /* Build configuration list for PBXNativeTarget "BookingAppUITests" */;
			buildPhases = (
				FBF9CA482D1AD49900B1489D /* Sources */,
				FBF9CA492D1AD49900B1489D /* Frameworks */,
				FBF9CA4A2D1AD49900B1489D /* Resources */,
			);
			buildRules = (
			);
			dependencies = (
				FBF9CA4E2D1AD49900B1489D /* PBXTargetDependency */,
			);
			fileSystemSynchronizedGroups = (
				FBF9CA4F2D1AD49900B1489D /* BookingAppUITests */,
			);
			name = BookingAppUITests;
			packageProductDependencies = (
			);
			productName = BookingAppUITests;
			productReference = FBF9CA4C2D1AD49900B1489D /* BookingAppUITests.xctest */;
			productType = "com.apple.product-type.bundle.ui-testing";
		};
/* End PBXNativeTarget section */

/* Begin PBXProject section */
		FBF9CA2A2D1AD49800B1489D /* Project object */ = {
			isa = PBXProject;
			attributes = {
				BuildIndependentTargetsInParallel = 1;
				LastSwiftUpdateCheck = 1620;
				LastUpgradeCheck = 1620;
				TargetAttributes = {
					FBF9CA312D1AD49800B1489D = {
						CreatedOnToolsVersion = 16.2;
					};
					FBF9CA412D1AD49900B1489D = {
						CreatedOnToolsVersion = 16.2;
						TestTargetID = FBF9CA312D1AD49800B1489D;
					};
					FBF9CA4B2D1AD49900B1489D = {
						CreatedOnToolsVersion = 16.2;
						TestTargetID = FBF9CA312D1AD49800B1489D;
					};
				};
			};
			buildConfigurationList = FBF9CA2D2D1AD49800B1489D /* Build configuration list for PBXProject "BookingApp" */;
			developmentRegion = en;
			hasScannedForEncodings = 0;
			knownRegions = (
				en,
				Base,
			);
			mainGroup = FBF9CA292D1AD49800B1489D;
			minimizedProjectReferenceProxies = 1;
			preferredProjectObjectVersion = 77;
			productRefGroup = FBF9CA332D1AD49800B1489D /* Products */;
			projectDirPath = "";
			projectRoot = "";
			targets = (
				FBF9CA312D1AD49800B1489D /* BookingApp */,
				FBF9CA412D1AD49900B1489D /* BookingAppTests */,
				FBF9CA4B2D1AD49900B1489D /* BookingAppUITests */,
			);
		};
/* End PBXProject section */

/* Begin PBXResourcesBuildPhase section */
		FBF9CA302D1AD49800B1489D /* Resources */ = {
			isa = PBXResourcesBuildPhase;
			buildActionMask = 2147483647;
			files = (
			);
			runOnlyForDeploymentPostprocessing = 0;
		};
		FBF9CA402D1AD49900B1489D /* Resources */ = {
			isa = PBXResourcesBuildPhase;
			buildActionMask = 2147483647;
			files = (
			);
			runOnlyForDeploymentPostprocessing = 0;
		};
		FBF9CA4A2D1AD49900B1489D /* Resources */ = {
			isa = PBXResourcesBuildPhase;
			buildActionMask = 2147483647;
			files = (
			);
			runOnlyForDeploymentPostprocessing = 0;
		};
/* End PBXResourcesBuildPhase section */

/* Begin PBXSourcesBuildPhase section */
		FBF9CA2E2D1AD49800B1489D /* Sources */ = {
			isa = PBXSourcesBuildPhase;
			buildActionMask = 2147483647;
			files = (
			);
			runOnlyForDeploymentPostprocessing = 0;
		};
		FBF9CA3E2D1AD49900B1489D /* Sources */ = {
			isa = PBXSourcesBuildPhase;
			buildActionMask = 2147483647;
			files = (
			);
			runOnlyForDeploymentPostprocessing = 0;
		};
		FBF9CA482D1AD49900B1489D /* Sources */ = {
			isa = PBXSourcesBuildPhase;
			buildActionMask = 2147483647;
			files = (
			);
			runOnlyForDeploymentPostprocessing = 0;
		};
/* End PBXSourcesBuildPhase section */

/* Begin PBXTargetDependency section */
		FBF9CA442D1AD49900B1489D /* PBXTargetDependency */ = {
			isa = PBXTargetDependency;
			target = FBF9CA312D1AD49800B1489D /* BookingApp */;
			targetProxy = FBF9CA432D1AD49900B1489D /* PBXContainerItemProxy */;
		};
		FBF9CA4E2D1AD49900B1489D /* PBXTargetDependency */ = {
			isa = PBXTargetDependency;
			target = FBF9CA312D1AD49800B1489D /* BookingApp */;
			targetProxy = FBF9CA4D2D1AD49900B1489D /* PBXContainerItemProxy */;
		};
/* End PBXTargetDependency section */

/* Begin XCBuildConfiguration section */
		FBF9CA542D1AD49900B1489D /* Debug */ = {
			isa = XCBuildConfiguration;
			buildSettings = {
				ALWAYS_SEARCH_USER_PATHS = NO;
				ASSETCATALOG_COMPILER_GENERATE_SWIFT_ASSET_SYMBOL_EXTENSIONS = YES;
				CLANG_ANALYZER_NONNULL = YES;
				CLANG_ANALYZER_NUMBER_OBJECT_CONVERSION = YES_AGGRESSIVE;
				CLANG_CXX_LANGUAGE_STANDARD = "gnu++20";
				CLANG_ENABLE_MODULES = YES;
				CLANG_ENABLE_OBJC_ARC = YES;
				CLANG_ENABLE_OBJC_WEAK = YES;
				CLANG_WARN_BLOCK_CAPTURE_AUTORELEASING = YES;
				CLANG_WARN_BOOL_CONVERSION = YES;
				CLANG_WARN_COMMA = YES;
				CLANG_WARN_CONSTANT_CONVERSION = YES;
				CLANG_WARN_DEPRECATED_OBJC_IMPLEMENTATIONS = YES;
				CLANG_WARN_DIRECT_OBJC_ISA_USAGE = YES_ERROR;
				CLANG_WARN_DOCUMENTATION_COMMENTS = YES;
				CLANG_WARN_EMPTY_BODY = YES;
				CLANG_WARN_ENUM_CONVERSION = YES;
				CLANG_WARN_INFINITE_RECURSION = YES;
				CLANG_WARN_INT_CONVERSION = YES;
				CLANG_WARN_NON_LITERAL_NULL_CONVERSION = YES;
				CLANG_WARN_OBJC_IMPLICIT_RETAIN_SELF = YES;
				CLANG_WARN_OBJC_LITERAL_CONVERSION = YES;
				CLANG_WARN_OBJC_ROOT_CLASS = YES_ERROR;
				CLANG_WARN_QUOTED_INCLUDE_IN_FRAMEWORK_HEADER = YES;
				CLANG_WARN_RANGE_LOOP_ANALYSIS = YES;
				CLANG_WARN_STRICT_PROTOTYPES = YES;
				CLANG_WARN_SUSPICIOUS_MOVE = YES;
				CLANG_WARN_UNGUARDED_AVAILABILITY = YES_AGGRESSIVE;
				CLANG_WARN_UNREACHABLE_CODE = YES;
				CLANG_WARN__DUPLICATE_METHOD_MATCH = YES;
				COPY_PHASE_STRIP = NO;
				DEBUG_INFORMATION_FORMAT = dwarf;
				ENABLE_STRICT_OBJC_MSGSEND = YES;
				ENABLE_TESTABILITY = YES;
				ENABLE_USER_SCRIPT_SANDBOXING = YES;
				GCC_C_LANGUAGE_STANDARD = gnu17;
				GCC_DYNAMIC_NO_PIC = NO;
				GCC_NO_COMMON_BLOCKS = YES;
				GCC_OPTIMIZATION_LEVEL = 0;
				GCC_PREPROCESSOR_DEFINITIONS = (
					"DEBUG=1",
					"$(inherited)",
				);
				GCC_WARN_64_TO_32_BIT_CONVERSION = YES;
				GCC_WARN_ABOUT_RETURN_TYPE = YES_ERROR;
				GCC_WARN_UNDECLARED_SELECTOR = YES;
				GCC_WARN_UNINITIALIZED_AUTOS = YES_AGGRESSIVE;
				GCC_WARN_UNUSED_FUNCTION = YES;
				GCC_WARN_UNUSED_VARIABLE = YES;
				IPHONEOS_DEPLOYMENT_TARGET = 18.2;
				LOCALIZATION_PREFERS_STRING_CATALOGS = YES;
				MTL_ENABLE_DEBUG_INFO = INCLUDE_SOURCE;
				MTL_FAST_MATH = YES;
				ONLY_ACTIVE_ARCH = YES;
				SDKROOT = iphoneos;
				SWIFT_ACTIVE_COMPILATION_CONDITIONS = "DEBUG $(inherited)";
				SWIFT_OPTIMIZATION_LEVEL = "-Onone";
			};
			name = Debug;
		};
		FBF9CA552D1AD49900B1489D /* Release */ = {
			isa = XCBuildConfiguration;
			buildSettings = {
				ALWAYS_SEARCH_USER_PATHS = NO;
				ASSETCATALOG_COMPILER_GENERATE_SWIFT_ASSET_SYMBOL_EXTENSIONS = YES;
				CLANG_ANALYZER_NONNULL = YES;
				CLANG_ANALYZER_NUMBER_OBJECT_CONVERSION = YES_AGGRESSIVE;
				CLANG_CXX_LANGUAGE_STANDARD = "gnu++20";
				CLANG_ENABLE_MODULES = YES;
				CLANG_ENABLE_OBJC_ARC = YES;
				CLANG_ENABLE_OBJC_WEAK = YES;
				CLANG_WARN_BLOCK_CAPTURE_AUTORELEASING = YES;
				CLANG_WARN_BOOL_CONVERSION = YES;
				CLANG_WARN_COMMA = YES;
				CLANG_WARN_CONSTANT_CONVERSION = YES;
				CLANG_WARN_DEPRECATED_OBJC_IMPLEMENTATIONS = YES;
				CLANG_WARN_DIRECT_OBJC_ISA_USAGE = YES_ERROR;
				CLANG_WARN_DOCUMENTATION_COMMENTS = YES;
				CLANG_WARN_EMPTY_BODY = YES;
				CLANG_WARN_ENUM_CONVERSION = YES;
				CLANG_WARN_INFINITE_RECURSION = YES;
				CLANG_WARN_INT_CONVERSION = YES;
				CLANG_WARN_NON_LITERAL_NULL_CONVERSION = YES;
				CLANG_WARN_OBJC_IMPLICIT_RETAIN_SELF = YES;
				CLANG_WARN_OBJC_LITERAL_CONVERSION = YES;
				CLANG_WARN_OBJC_ROOT_CLASS = YES_ERROR;
				CLANG_WARN_QUOTED_INCLUDE_IN_FRAMEWORK_HEADER = YES;
				CLANG_WARN_RANGE_LOOP_ANALYSIS = YES;
				CLANG_WARN_STRICT_PROTOTYPES = YES;
				CLANG_WARN_SUSPICIOUS_MOVE = YES;
				CLANG_WARN_UNGUARDED_AVAILABILITY = YES_AGGRESSIVE;
				CLANG_WARN_UNREACHABLE_CODE = YES;
				CLANG_WARN__DUPLICATE_METHOD_MATCH = YES;
				COPY_PHASE_STRIP = NO;
				DEBUG_INFORMATION_FORMAT = "dwarf-with-dsym";
				ENABLE_NS_ASSERTIONS = NO;
				ENABLE_STRICT_OBJC_MSGSEND = YES;
				ENABLE_USER_SCRIPT_SANDBOXING = YES;
				GCC_C_LANGUAGE_STANDARD = gnu17;
				GCC_NO_COMMON_BLOCKS = YES;
				GCC_WARN_64_TO_32_BIT_CONVERSION = YES;
				GCC_WARN_ABOUT_RETURN_TYPE = YES_ERROR;
				GCC_WARN_UNDECLARED_SELECTOR = YES;
				GCC_WARN_UNINITIALIZED_AUTOS = YES_AGGRESSIVE;
				GCC_WARN_UNUSED_FUNCTION = YES;
				GCC_WARN_UNUSED_VARIABLE = YES;
				IPHONEOS_DEPLOYMENT_TARGET = 18.2;
				LOCALIZATION_PREFERS_STRING_CATALOGS = YES;
				MTL_ENABLE_DEBUG_INFO = NO;
				MTL_FAST_MATH = YES;
				SDKROOT = iphoneos;
				SWIFT_COMPILATION_MODE = wholemodule;
				VALIDATE_PRODUCT = YES;
			};
			name = Release;
		};
		FBF9CA572D1AD49900B1489D /* Debug */ = {
			isa = XCBuildConfiguration;
			buildSettings = {
				ASSETCATALOG_COMPILER_APPICON_NAME = AppIcon;
				ASSETCATALOG_COMPILER_GLOBAL_ACCENT_COLOR_NAME = AccentColor;
				CODE_SIGN_STYLE = Automatic;
				CURRENT_PROJECT_VERSION = 1;
				DEVELOPMENT_ASSET_PATHS = "\"BookingApp/Preview Content\"";
				ENABLE_PREVIEWS = YES;
				GENERATE_INFOPLIST_FILE = YES;
				INFOPLIST_KEY_UIApplicationSceneManifest_Generation = YES;
				INFOPLIST_KEY_UIApplicationSupportsIndirectInputEvents = YES;
				INFOPLIST_KEY_UILaunchScreen_Generation = YES;
				INFOPLIST_KEY_UISupportedInterfaceOrientations_iPad = "UIInterfaceOrientationPortrait UIInterfaceOrientationPortraitUpsideDown UIInterfaceOrientationLandscapeLeft UIInterfaceOrientationLandscapeRight";
				INFOPLIST_KEY_UISupportedInterfaceOrientations_iPhone = "UIInterfaceOrientationPortrait UIInterfaceOrientationLandscapeLeft UIInterfaceOrientationLandscapeRight";
				LD_RUNPATH_SEARCH_PATHS = (
					"$(inherited)",
					"@executable_path/Frameworks",
				);
				MARKETING_VERSION = 1.0;
				PRODUCT_BUNDLE_IDENTIFIER = ghi.BookingApp;
				PRODUCT_NAME = "$(TARGET_NAME)";
				SWIFT_EMIT_LOC_STRINGS = YES;
				SWIFT_VERSION = 5.0;
				TARGETED_DEVICE_FAMILY = "1,2";
			};
			name = Debug;
		};
		FBF9CA582D1AD49900B1489D /* Release */ = {
			isa = XCBuildConfiguration;
			buildSettings = {
				ASSETCATALOG_COMPILER_APPICON_NAME = AppIcon;
				ASSETCATALOG_COMPILER_GLOBAL_ACCENT_COLOR_NAME = AccentColor;
				CODE_SIGN_STYLE = Automatic;
				CURRENT_PROJECT_VERSION = 1;
				DEVELOPMENT_ASSET_PATHS = "\"BookingApp/Preview Content\"";
				ENABLE_PREVIEWS = YES;
				GENERATE_INFOPLIST_FILE = YES;
				INFOPLIST_KEY_UIApplicationSceneManifest_Generation = YES;
				INFOPLIST_KEY_UIApplicationSupportsIndirectInputEvents = YES;
				INFOPLIST_KEY_UILaunchScreen_Generation = YES;
				INFOPLIST_KEY_UISupportedInterfaceOrientations_iPad = "UIInterfaceOrientationPortrait UIInterfaceOrientationPortraitUpsideDown UIInterfaceOrientationLandscapeLeft UIInterfaceOrientationLandscapeRight";
				INFOPLIST_KEY_UISupportedInterfaceOrientations_iPhone = "UIInterfaceOrientationPortrait UIInterfaceOrientationLandscapeLeft UIInterfaceOrientationLandscapeRight";
				LD_RUNPATH_SEARCH_PATHS = (
					"$(inherited)",
					"@executable_path/Frameworks",
				);
				MARKETING_VERSION = 1.0;
				PRODUCT_BUNDLE_IDENTIFIER = ghi.BookingApp;
				PRODUCT_NAME = "$(TARGET_NAME)";
				SWIFT_EMIT_LOC_STRINGS = YES;
				SWIFT_VERSION = 5.0;
				TARGETED_DEVICE_FAMILY = "1,2";
			};
			name = Release;
		};
		FBF9CA5A2D1AD49900B1489D /* Debug */ = {
			isa = XCBuildConfiguration;
			buildSettings = {
				BUNDLE_LOADER = "$(TEST_HOST)";
				CODE_SIGN_STYLE = Automatic;
				CURRENT_PROJECT_VERSION = 1;
				GENERATE_INFOPLIST_FILE = YES;
				IPHONEOS_DEPLOYMENT_TARGET = 18.2;
				MARKETING_VERSION = 1.0;
				PRODUCT_BUNDLE_IDENTIFIER = ghi.BookingAppTests;
				PRODUCT_NAME = "$(TARGET_NAME)";
				SWIFT_EMIT_LOC_STRINGS = NO;
				SWIFT_VERSION = 5.0;
				TARGETED_DEVICE_FAMILY = "1,2";
				TEST_HOST = "$(BUILT_PRODUCTS_DIR)/BookingApp.app/$(BUNDLE_EXECUTABLE_FOLDER_PATH)/BookingApp";
			};
			name = Debug;
		};
		FBF9CA5B2D1AD49900B1489D /* Release */ = {
			isa = XCBuildConfiguration;
			buildSettings = {
				BUNDLE_LOADER = "$(TEST_HOST)";
				CODE_SIGN_STYLE = Automatic;
				CURRENT_PROJECT_VERSION = 1;
				GENERATE_INFOPLIST_FILE = YES;
				IPHONEOS_DEPLOYMENT_TARGET = 18.2;
				MARKETING_VERSION = 1.0;
				PRODUCT_BUNDLE_IDENTIFIER = ghi.BookingAppTests;
				PRODUCT_NAME = "$(TARGET_NAME)";
				SWIFT_EMIT_LOC_STRINGS = NO;
				SWIFT_VERSION = 5.0;
				TARGETED_DEVICE_FAMILY = "1,2";
				TEST_HOST = "$(BUILT_PRODUCTS_DIR)/BookingApp.app/$(BUNDLE_EXECUTABLE_FOLDER_PATH)/BookingApp";
			};
			name = Release;
		};
		FBF9CA5D2D1AD49900B1489D /* Debug */ = {
			isa = XCBuildConfiguration;
			buildSettings = {
				CODE_SIGN_STYLE = Automatic;
				CURRENT_PROJECT_VERSION = 1;
				GENERATE_INFOPLIST_FILE = YES;
				MARKETING_VERSION = 1.0;
				PRODUCT_BUNDLE_IDENTIFIER = ghi.BookingAppUITests;
				PRODUCT_NAME = "$(TARGET_NAME)";
				SWIFT_EMIT_LOC_STRINGS = NO;
				SWIFT_VERSION = 5.0;
				TARGETED_DEVICE_FAMILY = "1,2";
				TEST_TARGET_NAME = BookingApp;
			};
			name = Debug;
		};
		FBF9CA5E2D1AD49900B1489D /* Release */ = {
			isa = XCBuildConfiguration;
			buildSettings = {
				CODE_SIGN_STYLE = Automatic;
				CURRENT_PROJECT_VERSION = 1;
				GENERATE_INFOPLIST_FILE = YES;
				MARKETING_VERSION = 1.0;
				PRODUCT_BUNDLE_IDENTIFIER = ghi.BookingAppUITests;
				PRODUCT_NAME = "$(TARGET_NAME)";
				SWIFT_EMIT_LOC_STRINGS = NO;
				SWIFT_VERSION = 5.0;
				TARGETED_DEVICE_FAMILY = "1,2";
				TEST_TARGET_NAME = BookingApp;
			};
			name = Release;
		};
/* End XCBuildConfiguration section */

/* Begin XCConfigurationList section */
		FBF9CA2D2D1AD49800B1489D /* Build configuration list for PBXProject "BookingApp" */ = {
			isa = XCConfigurationList;
			buildConfigurations = (
				FBF9CA542D1AD49900B1489D /* Debug */,
				FBF9CA552D1AD49900B1489D /* Release */,
			);
			defaultConfigurationIsVisible = 0;
			defaultConfigurationName = Release;
		};
		FBF9CA562D1AD49900B1489D /* Build configuration list for PBXNativeTarget "BookingApp" */ = {
			isa = XCConfigurationList;
			buildConfigurations = (
				FBF9CA572D1AD49900B1489D /* Debug */,
				FBF9CA582D1AD49900B1489D /* Release */,
			);
			defaultConfigurationIsVisible = 0;
			defaultConfigurationName = Release;
		};
		FBF9CA592D1AD49900B1489D /* Build configuration list for PBXNativeTarget "BookingAppTests" */ = {
			isa = XCConfigurationList;
			buildConfigurations = (
				FBF9CA5A2D1AD49900B1489D /* Debug */,
				FBF9CA5B2D1AD49900B1489D /* Release */,
			);
			defaultConfigurationIsVisible = 0;
			defaultConfigurationName = Release;
		};
		FBF9CA5C2D1AD49900B1489D /* Build configuration list for PBXNativeTarget "BookingAppUITests" */ = {
			isa = XCConfigurationList;
			buildConfigurations = (
				FBF9CA5D2D1AD49900B1489D /* Debug */,
				FBF9CA5E2D1AD49900B1489D /* Release */,
			);
			defaultConfigurationIsVisible = 0;
			defaultConfigurationName = Release;
		};
/* End XCConfigurationList section */
	};
	rootObject = FBF9CA2A2D1AD49800B1489D /* Project object */;
}
